version = 1
revision = 2
requires-python = ">=3.13"

[[package]]
name = "flatdict"
version = "4.0.1"
source = { registry = "https://pypi.org/simple" }
sdist = { url = "https://files.pythonhosted.org/packages/3e/0d/424de6e5612f1399ff69bf86500d6a62ff0a4843979701ae97f120c7f1fe/flatdict-4.0.1.tar.gz", hash = "sha256:cd32f08fd31ed21eb09ebc76f06b6bd12046a24f77beb1fd0281917e47f26742", size = 8341, upload-time = "2020-02-13T19:16:14.3Z" }

[[package]]
name = "teletransformer"
version = "0.1.0"
source = { editable = "." }
dependencies = [
    { name = "flatdict" },
]

[package.metadata]
requires-dist = [{ name = "flatdict", specifier = ">=4.0.1" }]
